
Microsoft Visual Studio Solution File, Format Version 12.00
# Visual Studio Version 17
VisualStudioVersion = 17.4.33103.184
MinimumVisualStudioVersion = 10.0.40219.1
Project("{9A19103F-16F7-4668-BE54-9A1E7A4F7556}") = "IdentityApi", "IdentityApi\IdentityApi.csproj", "{E16C50FB-0969-4562-AC70-2DD33D6CD874}"
EndProject
Project("{9A19103F-16F7-4668-BE54-9A1E7A4F7556}") = "IdentityApiTest", "IdentityApiTest\IdentityApiTest.csproj", "{A92F2401-CDCC-4D5A-9029-219909275D59}"
EndProject
Project("{9A19103F-16F7-4668-BE54-9A1E7A4F7556}") = "IdentityApiIntegrationTest", "IdentityApiIntegrationTest\IdentityApiIntegrationTest.csproj", "{AF3A4C6D-8CAB-46C1-8442-9DEECB1AD9E6}"
	ProjectSection(ProjectDependencies) = postProject
		{E16C50FB-0969-4562-AC70-2DD33D6CD874} = {E16C50FB-0969-4562-AC70-2DD33D6CD874}
	EndProjectSection
EndProject
Project("{9A19103F-16F7-4668-BE54-9A1E7A4F7556}") = "IdentityApiUnitTest", "IdentityApiTest\IdentityApiUnitTest.csproj", "{5C9C763E-CD51-402E-81D4-9F8BF022D691}"
EndProject
Global
	GlobalSection(SolutionConfigurationPlatforms) = preSolution
		Debug|Any CPU = Debug|Any CPU
		Release|Any CPU = Release|Any CPU
	EndGlobalSection
	GlobalSection(ProjectConfigurationPlatforms) = postSolution
		{E16C50FB-0969-4562-AC70-2DD33D6CD874}.Debug|Any CPU.ActiveCfg = Debug|Any CPU
		{E16C50FB-0969-4562-AC70-2DD33D6CD874}.Debug|Any CPU.Build.0 = Debug|Any CPU
		{E16C50FB-0969-4562-AC70-2DD33D6CD874}.Release|Any CPU.ActiveCfg = Release|Any CPU
		{E16C50FB-0969-4562-AC70-2DD33D6CD874}.Release|Any CPU.Build.0 = Release|Any CPU
		{A92F2401-CDCC-4D5A-9029-219909275D59}.Debug|Any CPU.ActiveCfg = Debug|Any CPU
		{A92F2401-CDCC-4D5A-9029-219909275D59}.Debug|Any CPU.Build.0 = Debug|Any CPU
		{A92F2401-CDCC-4D5A-9029-219909275D59}.Release|Any CPU.ActiveCfg = Release|Any CPU
		{A92F2401-CDCC-4D5A-9029-219909275D59}.Release|Any CPU.Build.0 = Release|Any CPU
		{AF3A4C6D-8CAB-46C1-8442-9DEECB1AD9E6}.Debug|Any CPU.ActiveCfg = Debug|Any CPU
		{AF3A4C6D-8CAB-46C1-8442-9DEECB1AD9E6}.Debug|Any CPU.Build.0 = Debug|Any CPU
		{AF3A4C6D-8CAB-46C1-8442-9DEECB1AD9E6}.Release|Any CPU.ActiveCfg = Release|Any CPU
		{AF3A4C6D-8CAB-46C1-8442-9DEECB1AD9E6}.Release|Any CPU.Build.0 = Release|Any CPU
		{5C9C763E-CD51-402E-81D4-9F8BF022D691}.Debug|Any CPU.ActiveCfg = Debug|Any CPU
		{5C9C763E-CD51-402E-81D4-9F8BF022D691}.Debug|Any CPU.Build.0 = Debug|Any CPU
		{5C9C763E-CD51-402E-81D4-9F8BF022D691}.Release|Any CPU.ActiveCfg = Release|Any CPU
		{5C9C763E-CD51-402E-81D4-9F8BF022D691}.Release|Any CPU.Build.0 = Release|Any CPU
	EndGlobalSection
	GlobalSection(SolutionProperties) = preSolution
		HideSolutionNode = FALSE
	EndGlobalSection
	GlobalSection(ExtensibilityGlobals) = postSolution
		SolutionGuid = {B6686989-B708-446D-8E75-0A03A6A20397}
	EndGlobalSection
EndGlobal
